
Microsoft Visual Studio Solution File, Format Version 12.00
# Visual Studio 14
VisualStudioVersion = 14.0.23107.0
MinimumVisualStudioVersion = 10.0.40219.1
Project("{FAE04EC0-301F-11D3-BF4B-00C04F79EFBC}") = "SimpleThread", "SimpleThread\SimpleThread.csproj", "{41239CA0-AF4D-4A65-A035-CCD6677098F9}"
EndProject
Project("{FAE04EC0-301F-11D3-BF4B-00C04F79EFBC}") = "BackgroundThread", "BackgroundThread\BackgroundThread.csproj", "{96DADF68-1CC4-463E-9757-7AAF93B4FB5E}"
EndProject
Project("{FAE04EC0-301F-11D3-BF4B-00C04F79EFBC}") = "ThreadPoolExample", "ThreadPoolExample\ThreadPoolExample.csproj", "{F87353F7-4069-473B-B73E-0CABDBBD70E2}"
EndProject
Project("{FAE04EC0-301F-11D3-BF4B-00C04F79EFBC}") = "ExecutionContextExample", "ExecutionContextExample\ExecutionContextExample.csproj", "{C7837EF0-08AF-4A8C-BEA2-F6F6B8F00E1F}"
EndProject
Project("{FAE04EC0-301F-11D3-BF4B-00C04F79EFBC}") = "CancelationExample", "CancelationExample\CancelationExample.csproj", "{94E89A04-45E6-44FA-9D39-EF9566976936}"
EndProject
Project("{FAE04EC0-301F-11D3-BF4B-00C04F79EFBC}") = "SimpleTask", "SimpleTask\SimpleTask.csproj", "{FF89F805-0C14-4BF9-AA7D-9D75C575CD50}"
EndProject
Project("{FAE04EC0-301F-11D3-BF4B-00C04F79EFBC}") = "TaskContinue", "TaskContinue\TaskContinue.csproj", "{FE6055C0-9531-4BA8-B5F9-36F7F6DF0F63}"
EndProject
Project("{FAE04EC0-301F-11D3-BF4B-00C04F79EFBC}") = "TaskChildParent", "TaskChildParent\TaskChildParent.csproj", "{66AC774E-5F76-4D63-9883-6B7F94BE64C8}"
EndProject
Project("{FAE04EC0-301F-11D3-BF4B-00C04F79EFBC}") = "ParallelExample", "ParallelExample\ParallelExample.csproj", "{28F42402-CB32-4A58-8380-6698F39B166A}"
EndProject
Project("{FAE04EC0-301F-11D3-BF4B-00C04F79EFBC}") = "TimerExample", "TimerExample\TimerExample.csproj", "{692288F0-15E9-4C67-B69D-C836798B72FF}"
EndProject
Project("{FAE04EC0-301F-11D3-BF4B-00C04F79EFBC}") = "BestPatternDelay", "BestPatternDelay\BestPatternDelay.csproj", "{08FB98A0-9DE2-45E0-B449-450A148E4AEF}"
EndProject
Project("{FAE04EC0-301F-11D3-BF4B-00C04F79EFBC}") = "AsyncProxy", "AsyncProxy\AsyncProxy.csproj", "{160F5E98-D784-44E0-9158-1019BBA4C395}"
EndProject
Project("{FAE04EC0-301F-11D3-BF4B-00C04F79EFBC}") = "AsyncExample", "AsyncExample\AsyncExample.csproj", "{7FA85423-2C9A-4FEF-B2E9-F86B51C677BE}"
EndProject
Project("{FAE04EC0-301F-11D3-BF4B-00C04F79EFBC}") = "VilotaleExample", "VilotaleExample\VilotaleExample.csproj", "{BDD942ED-6F60-4F02-990F-4428F30BD34D}"
EndProject
Project("{FAE04EC0-301F-11D3-BF4B-00C04F79EFBC}") = "InterlockedExample", "InterlockedExample\InterlockedExample.csproj", "{3C8B1688-CE69-4971-94BE-A54711881449}"
EndProject
Project("{FAE04EC0-301F-11D3-BF4B-00C04F79EFBC}") = "SimpleSpinLockExample", "SimpleSpinLockExample\SimpleSpinLockExample.csproj", "{853C22F3-E6D1-4F18-9F88-CB7A44A4E4BE}"
EndProject
Project("{FAE04EC0-301F-11D3-BF4B-00C04F79EFBC}") = "BillionTasks", "BillionTasks\BillionTasks.csproj", "{DE3F2F25-5393-48C3-8409-E04C530750A6}"
EndProject
Project("{FAE04EC0-301F-11D3-BF4B-00C04F79EFBC}") = "ProduceConsumePattern", "ProduceConsumePattern\ProduceConsumePattern.csproj", "{12EF71D4-7E55-448C-BE7D-F708E8F6472B}"
EndProject
Global
	GlobalSection(SolutionConfigurationPlatforms) = preSolution
		Debug|Any CPU = Debug|Any CPU
		Debug|x64 = Debug|x64
		Release|Any CPU = Release|Any CPU
		Release|x64 = Release|x64
	EndGlobalSection
	GlobalSection(ProjectConfigurationPlatforms) = postSolution
		{41239CA0-AF4D-4A65-A035-CCD6677098F9}.Debug|Any CPU.ActiveCfg = Debug|Any CPU
		{41239CA0-AF4D-4A65-A035-CCD6677098F9}.Debug|Any CPU.Build.0 = Debug|Any CPU
		{41239CA0-AF4D-4A65-A035-CCD6677098F9}.Debug|x64.ActiveCfg = Debug|x64
		{41239CA0-AF4D-4A65-A035-CCD6677098F9}.Debug|x64.Build.0 = Debug|x64
		{41239CA0-AF4D-4A65-A035-CCD6677098F9}.Release|Any CPU.ActiveCfg = Release|Any CPU
		{41239CA0-AF4D-4A65-A035-CCD6677098F9}.Release|Any CPU.Build.0 = Release|Any CPU
		{41239CA0-AF4D-4A65-A035-CCD6677098F9}.Release|x64.ActiveCfg = Release|x64
		{41239CA0-AF4D-4A65-A035-CCD6677098F9}.Release|x64.Build.0 = Release|x64
		{96DADF68-1CC4-463E-9757-7AAF93B4FB5E}.Debug|Any CPU.ActiveCfg = Debug|Any CPU
		{96DADF68-1CC4-463E-9757-7AAF93B4FB5E}.Debug|Any CPU.Build.0 = Debug|Any CPU
		{96DADF68-1CC4-463E-9757-7AAF93B4FB5E}.Debug|x64.ActiveCfg = Debug|x64
		{96DADF68-1CC4-463E-9757-7AAF93B4FB5E}.Debug|x64.Build.0 = Debug|x64
		{96DADF68-1CC4-463E-9757-7AAF93B4FB5E}.Release|Any CPU.ActiveCfg = Release|Any CPU
		{96DADF68-1CC4-463E-9757-7AAF93B4FB5E}.Release|Any CPU.Build.0 = Release|Any CPU
		{96DADF68-1CC4-463E-9757-7AAF93B4FB5E}.Release|x64.ActiveCfg = Release|x64
		{96DADF68-1CC4-463E-9757-7AAF93B4FB5E}.Release|x64.Build.0 = Release|x64
		{F87353F7-4069-473B-B73E-0CABDBBD70E2}.Debug|Any CPU.ActiveCfg = Debug|Any CPU
		{F87353F7-4069-473B-B73E-0CABDBBD70E2}.Debug|Any CPU.Build.0 = Debug|Any CPU
		{F87353F7-4069-473B-B73E-0CABDBBD70E2}.Debug|x64.ActiveCfg = Debug|x64
		{F87353F7-4069-473B-B73E-0CABDBBD70E2}.Debug|x64.Build.0 = Debug|x64
		{F87353F7-4069-473B-B73E-0CABDBBD70E2}.Release|Any CPU.ActiveCfg = Release|Any CPU
		{F87353F7-4069-473B-B73E-0CABDBBD70E2}.Release|Any CPU.Build.0 = Release|Any CPU
		{F87353F7-4069-473B-B73E-0CABDBBD70E2}.Release|x64.ActiveCfg = Release|x64
		{F87353F7-4069-473B-B73E-0CABDBBD70E2}.Release|x64.Build.0 = Release|x64
		{C7837EF0-08AF-4A8C-BEA2-F6F6B8F00E1F}.Debug|Any CPU.ActiveCfg = Debug|Any CPU
		{C7837EF0-08AF-4A8C-BEA2-F6F6B8F00E1F}.Debug|Any CPU.Build.0 = Debug|Any CPU
		{C7837EF0-08AF-4A8C-BEA2-F6F6B8F00E1F}.Debug|x64.ActiveCfg = Debug|x64
		{C7837EF0-08AF-4A8C-BEA2-F6F6B8F00E1F}.Debug|x64.Build.0 = Debug|x64
		{C7837EF0-08AF-4A8C-BEA2-F6F6B8F00E1F}.Release|Any CPU.ActiveCfg = Release|Any CPU
		{C7837EF0-08AF-4A8C-BEA2-F6F6B8F00E1F}.Release|Any CPU.Build.0 = Release|Any CPU
		{C7837EF0-08AF-4A8C-BEA2-F6F6B8F00E1F}.Release|x64.ActiveCfg = Release|x64
		{C7837EF0-08AF-4A8C-BEA2-F6F6B8F00E1F}.Release|x64.Build.0 = Release|x64
		{94E89A04-45E6-44FA-9D39-EF9566976936}.Debug|Any CPU.ActiveCfg = Debug|Any CPU
		{94E89A04-45E6-44FA-9D39-EF9566976936}.Debug|Any CPU.Build.0 = Debug|Any CPU
		{94E89A04-45E6-44FA-9D39-EF9566976936}.Debug|x64.ActiveCfg = Debug|x64
		{94E89A04-45E6-44FA-9D39-EF9566976936}.Debug|x64.Build.0 = Debug|x64
		{94E89A04-45E6-44FA-9D39-EF9566976936}.Release|Any CPU.ActiveCfg = Release|Any CPU
		{94E89A04-45E6-44FA-9D39-EF9566976936}.Release|Any CPU.Build.0 = Release|Any CPU
		{94E89A04-45E6-44FA-9D39-EF9566976936}.Release|x64.ActiveCfg = Release|x64
		{94E89A04-45E6-44FA-9D39-EF9566976936}.Release|x64.Build.0 = Release|x64
		{FF89F805-0C14-4BF9-AA7D-9D75C575CD50}.Debug|Any CPU.ActiveCfg = Debug|Any CPU
		{FF89F805-0C14-4BF9-AA7D-9D75C575CD50}.Debug|Any CPU.Build.0 = Debug|Any CPU
		{FF89F805-0C14-4BF9-AA7D-9D75C575CD50}.Debug|x64.ActiveCfg = Debug|x64
		{FF89F805-0C14-4BF9-AA7D-9D75C575CD50}.Debug|x64.Build.0 = Debug|x64
		{FF89F805-0C14-4BF9-AA7D-9D75C575CD50}.Release|Any CPU.ActiveCfg = Release|Any CPU
		{FF89F805-0C14-4BF9-AA7D-9D75C575CD50}.Release|Any CPU.Build.0 = Release|Any CPU
		{FF89F805-0C14-4BF9-AA7D-9D75C575CD50}.Release|x64.ActiveCfg = Release|x64
		{FF89F805-0C14-4BF9-AA7D-9D75C575CD50}.Release|x64.Build.0 = Release|x64
		{FE6055C0-9531-4BA8-B5F9-36F7F6DF0F63}.Debug|Any CPU.ActiveCfg = Debug|Any CPU
		{FE6055C0-9531-4BA8-B5F9-36F7F6DF0F63}.Debug|Any CPU.Build.0 = Debug|Any CPU
		{FE6055C0-9531-4BA8-B5F9-36F7F6DF0F63}.Debug|x64.ActiveCfg = Debug|x64
		{FE6055C0-9531-4BA8-B5F9-36F7F6DF0F63}.Debug|x64.Build.0 = Debug|x64
		{FE6055C0-9531-4BA8-B5F9-36F7F6DF0F63}.Release|Any CPU.ActiveCfg = Release|Any CPU
		{FE6055C0-9531-4BA8-B5F9-36F7F6DF0F63}.Release|Any CPU.Build.0 = Release|Any CPU
		{FE6055C0-9531-4BA8-B5F9-36F7F6DF0F63}.Release|x64.ActiveCfg = Release|x64
		{FE6055C0-9531-4BA8-B5F9-36F7F6DF0F63}.Release|x64.Build.0 = Release|x64
		{66AC774E-5F76-4D63-9883-6B7F94BE64C8}.Debug|Any CPU.ActiveCfg = Debug|Any CPU
		{66AC774E-5F76-4D63-9883-6B7F94BE64C8}.Debug|Any CPU.Build.0 = Debug|Any CPU
		{66AC774E-5F76-4D63-9883-6B7F94BE64C8}.Debug|x64.ActiveCfg = Debug|x64
		{66AC774E-5F76-4D63-9883-6B7F94BE64C8}.Debug|x64.Build.0 = Debug|x64
		{66AC774E-5F76-4D63-9883-6B7F94BE64C8}.Release|Any CPU.ActiveCfg = Release|Any CPU
		{66AC774E-5F76-4D63-9883-6B7F94BE64C8}.Release|Any CPU.Build.0 = Release|Any CPU
		{66AC774E-5F76-4D63-9883-6B7F94BE64C8}.Release|x64.ActiveCfg = Release|x64
		{66AC774E-5F76-4D63-9883-6B7F94BE64C8}.Release|x64.Build.0 = Release|x64
		{28F42402-CB32-4A58-8380-6698F39B166A}.Debug|Any CPU.ActiveCfg = Debug|Any CPU
		{28F42402-CB32-4A58-8380-6698F39B166A}.Debug|Any CPU.Build.0 = Debug|Any CPU
		{28F42402-CB32-4A58-8380-6698F39B166A}.Debug|x64.ActiveCfg = Debug|x64
		{28F42402-CB32-4A58-8380-6698F39B166A}.Debug|x64.Build.0 = Debug|x64
		{28F42402-CB32-4A58-8380-6698F39B166A}.Release|Any CPU.ActiveCfg = Release|Any CPU
		{28F42402-CB32-4A58-8380-6698F39B166A}.Release|Any CPU.Build.0 = Release|Any CPU
		{28F42402-CB32-4A58-8380-6698F39B166A}.Release|x64.ActiveCfg = Release|x64
		{28F42402-CB32-4A58-8380-6698F39B166A}.Release|x64.Build.0 = Release|x64
		{692288F0-15E9-4C67-B69D-C836798B72FF}.Debug|Any CPU.ActiveCfg = Debug|Any CPU
		{692288F0-15E9-4C67-B69D-C836798B72FF}.Debug|Any CPU.Build.0 = Debug|Any CPU
		{692288F0-15E9-4C67-B69D-C836798B72FF}.Debug|x64.ActiveCfg = Debug|x64
		{692288F0-15E9-4C67-B69D-C836798B72FF}.Debug|x64.Build.0 = Debug|x64
		{692288F0-15E9-4C67-B69D-C836798B72FF}.Release|Any CPU.ActiveCfg = Release|Any CPU
		{692288F0-15E9-4C67-B69D-C836798B72FF}.Release|Any CPU.Build.0 = Release|Any CPU
		{692288F0-15E9-4C67-B69D-C836798B72FF}.Release|x64.ActiveCfg = Release|x64
		{692288F0-15E9-4C67-B69D-C836798B72FF}.Release|x64.Build.0 = Release|x64
		{08FB98A0-9DE2-45E0-B449-450A148E4AEF}.Debug|Any CPU.ActiveCfg = Debug|Any CPU
		{08FB98A0-9DE2-45E0-B449-450A148E4AEF}.Debug|Any CPU.Build.0 = Debug|Any CPU
		{08FB98A0-9DE2-45E0-B449-450A148E4AEF}.Debug|x64.ActiveCfg = Debug|x64
		{08FB98A0-9DE2-45E0-B449-450A148E4AEF}.Debug|x64.Build.0 = Debug|x64
		{08FB98A0-9DE2-45E0-B449-450A148E4AEF}.Release|Any CPU.ActiveCfg = Release|Any CPU
		{08FB98A0-9DE2-45E0-B449-450A148E4AEF}.Release|Any CPU.Build.0 = Release|Any CPU
		{08FB98A0-9DE2-45E0-B449-450A148E4AEF}.Release|x64.ActiveCfg = Release|x64
		{08FB98A0-9DE2-45E0-B449-450A148E4AEF}.Release|x64.Build.0 = Release|x64
		{160F5E98-D784-44E0-9158-1019BBA4C395}.Debug|Any CPU.ActiveCfg = Debug|Any CPU
		{160F5E98-D784-44E0-9158-1019BBA4C395}.Debug|Any CPU.Build.0 = Debug|Any CPU
		{160F5E98-D784-44E0-9158-1019BBA4C395}.Debug|x64.ActiveCfg = Debug|x64
		{160F5E98-D784-44E0-9158-1019BBA4C395}.Debug|x64.Build.0 = Debug|x64
		{160F5E98-D784-44E0-9158-1019BBA4C395}.Release|Any CPU.ActiveCfg = Release|Any CPU
		{160F5E98-D784-44E0-9158-1019BBA4C395}.Release|Any CPU.Build.0 = Release|Any CPU
		{160F5E98-D784-44E0-9158-1019BBA4C395}.Release|x64.ActiveCfg = Release|x64
		{160F5E98-D784-44E0-9158-1019BBA4C395}.Release|x64.Build.0 = Release|x64
		{7FA85423-2C9A-4FEF-B2E9-F86B51C677BE}.Debug|Any CPU.ActiveCfg = Debug|Any CPU
		{7FA85423-2C9A-4FEF-B2E9-F86B51C677BE}.Debug|Any CPU.Build.0 = Debug|Any CPU
		{7FA85423-2C9A-4FEF-B2E9-F86B51C677BE}.Debug|x64.ActiveCfg = Debug|x64
		{7FA85423-2C9A-4FEF-B2E9-F86B51C677BE}.Debug|x64.Build.0 = Debug|x64
		{7FA85423-2C9A-4FEF-B2E9-F86B51C677BE}.Release|Any CPU.ActiveCfg = Release|Any CPU
		{7FA85423-2C9A-4FEF-B2E9-F86B51C677BE}.Release|Any CPU.Build.0 = Release|Any CPU
		{7FA85423-2C9A-4FEF-B2E9-F86B51C677BE}.Release|x64.ActiveCfg = Release|x64
		{7FA85423-2C9A-4FEF-B2E9-F86B51C677BE}.Release|x64.Build.0 = Release|x64
		{BDD942ED-6F60-4F02-990F-4428F30BD34D}.Debug|Any CPU.ActiveCfg = Debug|Any CPU
		{BDD942ED-6F60-4F02-990F-4428F30BD34D}.Debug|Any CPU.Build.0 = Debug|Any CPU
		{BDD942ED-6F60-4F02-990F-4428F30BD34D}.Debug|x64.ActiveCfg = Debug|x64
		{BDD942ED-6F60-4F02-990F-4428F30BD34D}.Debug|x64.Build.0 = Debug|x64
		{BDD942ED-6F60-4F02-990F-4428F30BD34D}.Release|Any CPU.ActiveCfg = Release|Any CPU
		{BDD942ED-6F60-4F02-990F-4428F30BD34D}.Release|Any CPU.Build.0 = Release|Any CPU
		{BDD942ED-6F60-4F02-990F-4428F30BD34D}.Release|x64.ActiveCfg = Release|x64
		{BDD942ED-6F60-4F02-990F-4428F30BD34D}.Release|x64.Build.0 = Release|x64
		{3C8B1688-CE69-4971-94BE-A54711881449}.Debug|Any CPU.ActiveCfg = Debug|Any CPU
		{3C8B1688-CE69-4971-94BE-A54711881449}.Debug|Any CPU.Build.0 = Debug|Any CPU
		{3C8B1688-CE69-4971-94BE-A54711881449}.Debug|x64.ActiveCfg = Debug|x64
		{3C8B1688-CE69-4971-94BE-A54711881449}.Debug|x64.Build.0 = Debug|x64
		{3C8B1688-CE69-4971-94BE-A54711881449}.Release|Any CPU.ActiveCfg = Release|Any CPU
		{3C8B1688-CE69-4971-94BE-A54711881449}.Release|Any CPU.Build.0 = Release|Any CPU
		{3C8B1688-CE69-4971-94BE-A54711881449}.Release|x64.ActiveCfg = Release|x64
		{3C8B1688-CE69-4971-94BE-A54711881449}.Release|x64.Build.0 = Release|x64
		{853C22F3-E6D1-4F18-9F88-CB7A44A4E4BE}.Debug|Any CPU.ActiveCfg = Debug|Any CPU
		{853C22F3-E6D1-4F18-9F88-CB7A44A4E4BE}.Debug|Any CPU.Build.0 = Debug|Any CPU
		{853C22F3-E6D1-4F18-9F88-CB7A44A4E4BE}.Debug|x64.ActiveCfg = Debug|x64
		{853C22F3-E6D1-4F18-9F88-CB7A44A4E4BE}.Debug|x64.Build.0 = Debug|x64
		{853C22F3-E6D1-4F18-9F88-CB7A44A4E4BE}.Release|Any CPU.ActiveCfg = Release|Any CPU
		{853C22F3-E6D1-4F18-9F88-CB7A44A4E4BE}.Release|Any CPU.Build.0 = Release|Any CPU
		{853C22F3-E6D1-4F18-9F88-CB7A44A4E4BE}.Release|x64.ActiveCfg = Release|x64
		{853C22F3-E6D1-4F18-9F88-CB7A44A4E4BE}.Release|x64.Build.0 = Release|x64
		{DE3F2F25-5393-48C3-8409-E04C530750A6}.Debug|Any CPU.ActiveCfg = Debug|Any CPU
		{DE3F2F25-5393-48C3-8409-E04C530750A6}.Debug|Any CPU.Build.0 = Debug|Any CPU
		{DE3F2F25-5393-48C3-8409-E04C530750A6}.Debug|x64.ActiveCfg = Debug|x64
		{DE3F2F25-5393-48C3-8409-E04C530750A6}.Debug|x64.Build.0 = Debug|x64
		{DE3F2F25-5393-48C3-8409-E04C530750A6}.Release|Any CPU.ActiveCfg = Release|Any CPU
		{DE3F2F25-5393-48C3-8409-E04C530750A6}.Release|Any CPU.Build.0 = Release|Any CPU
		{DE3F2F25-5393-48C3-8409-E04C530750A6}.Release|x64.ActiveCfg = Release|x64
		{DE3F2F25-5393-48C3-8409-E04C530750A6}.Release|x64.Build.0 = Release|x64
		{12EF71D4-7E55-448C-BE7D-F708E8F6472B}.Debug|Any CPU.ActiveCfg = Debug|Any CPU
		{12EF71D4-7E55-448C-BE7D-F708E8F6472B}.Debug|Any CPU.Build.0 = Debug|Any CPU
		{12EF71D4-7E55-448C-BE7D-F708E8F6472B}.Debug|x64.ActiveCfg = Debug|Any CPU
		{12EF71D4-7E55-448C-BE7D-F708E8F6472B}.Debug|x64.Build.0 = Debug|Any CPU
		{12EF71D4-7E55-448C-BE7D-F708E8F6472B}.Release|Any CPU.ActiveCfg = Release|Any CPU
		{12EF71D4-7E55-448C-BE7D-F708E8F6472B}.Release|Any CPU.Build.0 = Release|Any CPU
		{12EF71D4-7E55-448C-BE7D-F708E8F6472B}.Release|x64.ActiveCfg = Release|Any CPU
		{12EF71D4-7E55-448C-BE7D-F708E8F6472B}.Release|x64.Build.0 = Release|Any CPU
	EndGlobalSection
	GlobalSection(SolutionProperties) = preSolution
		HideSolutionNode = FALSE
	EndGlobalSection
EndGlobal
